
Microsoft Visual Studio Solution File, Format Version 12.00
# Visual Studio Version 17
VisualStudioVersion = 17.0.31903.59
MinimumVisualStudioVersion = 10.0.40219.1
Project("{FAE04EC0-301F-11D3-BF4B-00C04F79EFBC}") = "TaskManagement.Domain", "TaskManagement.Domain\TaskManagement.Domain.csproj", "{C30196B9-431C-4008-87E9-6AF9EE375DC1}"
EndProject
Project("{FAE04EC0-301F-11D3-BF4B-00C04F79EFBC}") = "TaskManagement.Application", "TaskManagement.Application\TaskManagement.Application.csproj", "{63367CE4-6C6A-4340-9002-23DBCB47C473}"
EndProject
Project("{FAE04EC0-301F-11D3-BF4B-00C04F79EFBC}") = "TaskManagement.API", "TaskManagement.API\TaskManagement.API.csproj", "{81FF2A2E-9CC4-4206-9578-B9D42E042A0E}"
EndProject
Global
	GlobalSection(SolutionConfigurationPlatforms) = preSolution
		Debug|Any CPU = Debug|Any CPU
		Release|Any CPU = Release|Any CPU
	EndGlobalSection
	GlobalSection(SolutionProperties) = preSolution
		HideSolutionNode = FALSE
	EndGlobalSection
	GlobalSection(ProjectConfigurationPlatforms) = postSolution
		{C30196B9-431C-4008-87E9-6AF9EE375DC1}.Debug|Any CPU.ActiveCfg = Debug|Any CPU
		{C30196B9-431C-4008-87E9-6AF9EE375DC1}.Debug|Any CPU.Build.0 = Debug|Any CPU
		{C30196B9-431C-4008-87E9-6AF9EE375DC1}.Release|Any CPU.ActiveCfg = Release|Any CPU
		{C30196B9-431C-4008-87E9-6AF9EE375DC1}.Release|Any CPU.Build.0 = Release|Any CPU
		{63367CE4-6C6A-4340-9002-23DBCB47C473}.Debug|Any CPU.ActiveCfg = Debug|Any CPU
		{63367CE4-6C6A-4340-9002-23DBCB47C473}.Debug|Any CPU.Build.0 = Debug|Any CPU
		{63367CE4-6C6A-4340-9002-23DBCB47C473}.Release|Any CPU.ActiveCfg = Release|Any CPU
		{63367CE4-6C6A-4340-9002-23DBCB47C473}.Release|Any CPU.Build.0 = Release|Any CPU
		{81FF2A2E-9CC4-4206-9578-B9D42E042A0E}.Debug|Any CPU.ActiveCfg = Debug|Any CPU
		{81FF2A2E-9CC4-4206-9578-B9D42E042A0E}.Debug|Any CPU.Build.0 = Debug|Any CPU
		{81FF2A2E-9CC4-4206-9578-B9D42E042A0E}.Release|Any CPU.ActiveCfg = Release|Any CPU
		{81FF2A2E-9CC4-4206-9578-B9D42E042A0E}.Release|Any CPU.Build.0 = Release|Any CPU
	EndGlobalSection
EndGlobal
